// !$*UTF8*$!
{
	archiveVersion = 1;
	classes = {
	};
	objectVersion = 77;
	objects = {

/* Begin PBXBuildFile section */
		F04A8F3E2DBC19EF0066FBFE /* Intents.framework in Frameworks */ = {isa = PBXBuildFile; fileRef = F04A8F3D2DBC19EF0066FBFE /* Intents.framework */; };
		F04A8F492DBC19EF0066FBFE /* IntentsUI.framework in Frameworks */ = {isa = PBXBuildFile; fileRef = F04A8F482DBC19EF0066FBFE /* IntentsUI.framework */; };
		F04A8F532DBC19EF0066FBFE /* CreateTaskIntentUI.appex in Embed Foundation Extensions */ = {isa = PBXBuildFile; fileRef = F04A8F472DBC19EF0066FBFE /* CreateTaskIntentUI.appex */; settings = {ATTRIBUTES = (RemoveHeadersOnCopy, ); }; };
		F04A8F562DBC19EF0066FBFE /* CreateTaskIntent.appex in Embed Foundation Extensions */ = {isa = PBXBuildFile; fileRef = F04A8F3B2DBC19EE0066FBFE /* CreateTaskIntent.appex */; settings = {ATTRIBUTES = (RemoveHeadersOnCopy, ); }; };
/* End PBXBuildFile section */

/* Begin PBXContainerItemProxy section */
		F04A8F512DBC19EF0066FBFE /* PBXContainerItemProxy */ = {
			isa = PBXContainerItemProxy;
			containerPortal = F051A3B52D7ABB91009BF97C /* Project object */;
			proxyType = 1;
			remoteGlobalIDString = F04A8F462DBC19EF0066FBFE;
			remoteInfo = CreateTaskIntentUI;
		};
		F04A8F542DBC19EF0066FBFE /* PBXContainerItemProxy */ = {
			isa = PBXContainerItemProxy;
			containerPortal = F051A3B52D7ABB91009BF97C /* Project object */;
			proxyType = 1;
			remoteGlobalIDString = F04A8F3A2DBC19EE0066FBFE;
			remoteInfo = CreateTaskIntent;
		};
		F051A3D32D7ABB93009BF97C /* PBXContainerItemProxy */ = {
			isa = PBXContainerItemProxy;
			containerPortal = F051A3B52D7ABB91009BF97C /* Project object */;
			proxyType = 1;
			remoteGlobalIDString = F051A3BC2D7ABB91009BF97C;
			remoteInfo = "Smart Study Planner";
		};
		F051A3DD2D7ABB93009BF97C /* PBXContainerItemProxy */ = {
			isa = PBXContainerItemProxy;
			containerPortal = F051A3B52D7ABB91009BF97C /* Project object */;
			proxyType = 1;
			remoteGlobalIDString = F051A3BC2D7ABB91009BF97C;
			remoteInfo = "Smart Study Planner";
		};
/* End PBXContainerItemProxy section */

/* Begin PBXCopyFilesBuildPhase section */
		F04A8F5F2DBC19EF0066FBFE /* Embed Foundation Extensions */ = {
			isa = PBXCopyFilesBuildPhase;
			buildActionMask = 2147483647;
			dstPath = "";
			dstSubfolderSpec = 13;
			files = (
				F04A8F532DBC19EF0066FBFE /* CreateTaskIntentUI.appex in Embed Foundation Extensions */,
				F04A8F562DBC19EF0066FBFE /* CreateTaskIntent.appex in Embed Foundation Extensions */,
			);
			name = "Embed Foundation Extensions";
			runOnlyForDeploymentPostprocessing = 0;
		};
/* End PBXCopyFilesBuildPhase section */

/* Begin PBXFileReference section */
		F04A8F3B2DBC19EE0066FBFE /* CreateTaskIntent.appex */ = {isa = PBXFileReference; explicitFileType = "wrapper.app-extension"; includeInIndex = 0; path = CreateTaskIntent.appex; sourceTree = BUILT_PRODUCTS_DIR; };
		F04A8F3D2DBC19EF0066FBFE /* Intents.framework */ = {isa = PBXFileReference; lastKnownFileType = wrapper.framework; name = Intents.framework; path = System/Library/Frameworks/Intents.framework; sourceTree = SDKROOT; };
		F04A8F472DBC19EF0066FBFE /* CreateTaskIntentUI.appex */ = {isa = PBXFileReference; explicitFileType = "wrapper.app-extension"; includeInIndex = 0; path = CreateTaskIntentUI.appex; sourceTree = BUILT_PRODUCTS_DIR; };
		F04A8F482DBC19EF0066FBFE /* IntentsUI.framework */ = {isa = PBXFileReference; lastKnownFileType = wrapper.framework; name = IntentsUI.framework; path = System/Library/Frameworks/IntentsUI.framework; sourceTree = SDKROOT; };
		F051A3BD2D7ABB91009BF97C /* Smart Study Planner.app */ = {isa = PBXFileReference; explicitFileType = wrapper.application; includeInIndex = 0; path = "Smart Study Planner.app"; sourceTree = BUILT_PRODUCTS_DIR; };
		F051A3D22D7ABB93009BF97C /* Smart Study PlannerTests.xctest */ = {isa = PBXFileReference; explicitFileType = wrapper.cfbundle; includeInIndex = 0; path = "Smart Study PlannerTests.xctest"; sourceTree = BUILT_PRODUCTS_DIR; };
		F051A3DC2D7ABB93009BF97C /* Smart Study PlannerUITests.xctest */ = {isa = PBXFileReference; explicitFileType = wrapper.cfbundle; includeInIndex = 0; path = "Smart Study PlannerUITests.xctest"; sourceTree = BUILT_PRODUCTS_DIR; };
/* End PBXFileReference section */

/* Begin PBXFileSystemSynchronizedBuildFileExceptionSet section */
		F04A8F572DBC19EF0066FBFE /* Exceptions for "CreateTaskIntent" folder in "CreateTaskIntent" target */ = {
			isa = PBXFileSystemSynchronizedBuildFileExceptionSet;
			membershipExceptions = (
				Info.plist,
			);
			target = F04A8F3A2DBC19EE0066FBFE /* CreateTaskIntent */;
		};
		F04A8F5B2DBC19EF0066FBFE /* Exceptions for "CreateTaskIntentUI" folder in "CreateTaskIntentUI" target */ = {
			isa = PBXFileSystemSynchronizedBuildFileExceptionSet;
			membershipExceptions = (
				Info.plist,
			);
			target = F04A8F462DBC19EF0066FBFE /* CreateTaskIntentUI */;
		};
		F04A8F692DBC26370066FBFE /* Exceptions for "Smart Study Planner" folder in "CreateTaskIntent" target */ = {
			isa = PBXFileSystemSynchronizedBuildFileExceptionSet;
			membershipExceptions = (
				Intents.intentdefinition,
				Smart_Study_Planner.xcdatamodeld,
				SmartStudyPlanner.xcdatamodeld,
			);
			target = F04A8F3A2DBC19EE0066FBFE /* CreateTaskIntent */;
		};
		F04A8F6B2DBC263C0066FBFE /* Exceptions for "Smart Study Planner" folder in "CreateTaskIntentUI" target */ = {
			isa = PBXFileSystemSynchronizedBuildFileExceptionSet;
			membershipExceptions = (
				Intents.intentdefinition,
				Smart_Study_Planner.xcdatamodeld,
				SmartStudyPlanner.xcdatamodeld,
			);
			target = F04A8F462DBC19EF0066FBFE /* CreateTaskIntentUI */;
		};
/* End PBXFileSystemSynchronizedBuildFileExceptionSet section */

/* Begin PBXFileSystemSynchronizedRootGroup section */
		F04A8F3F2DBC19EF0066FBFE /* CreateTaskIntent */ = {
			isa = PBXFileSystemSynchronizedRootGroup;
			exceptions = (
				F04A8F572DBC19EF0066FBFE /* Exceptions for "CreateTaskIntent" folder in "CreateTaskIntent" target */,
			);
			path = CreateTaskIntent;
			sourceTree = "<group>";
		};
		F04A8F4A2DBC19EF0066FBFE /* CreateTaskIntentUI */ = {
			isa = PBXFileSystemSynchronizedRootGroup;
			exceptions = (
				F04A8F5B2DBC19EF0066FBFE /* Exceptions for "CreateTaskIntentUI" folder in "CreateTaskIntentUI" target */,
			);
			path = CreateTaskIntentUI;
			sourceTree = "<group>";
		};
		F051A3BF2D7ABB91009BF97C /* Smart Study Planner */ = {
			isa = PBXFileSystemSynchronizedRootGroup;
			exceptions = (
				F04A8F692DBC26370066FBFE /* Exceptions for "Smart Study Planner" folder in "CreateTaskIntent" target */,
				F04A8F6B2DBC263C0066FBFE /* Exceptions for "Smart Study Planner" folder in "CreateTaskIntentUI" target */,
			);
			path = "Smart Study Planner";
			sourceTree = "<group>";
		};
		F051A3D52D7ABB93009BF97C /* Smart Study PlannerTests */ = {
			isa = PBXFileSystemSynchronizedRootGroup;
			path = "Smart Study PlannerTests";
			sourceTree = "<group>";
		};
		F051A3DF2D7ABB93009BF97C /* Smart Study PlannerUITests */ = {
			isa = PBXFileSystemSynchronizedRootGroup;
			path = "Smart Study PlannerUITests";
			sourceTree = "<group>";
		};
/* End PBXFileSystemSynchronizedRootGroup section */

/* Begin PBXFrameworksBuildPhase section */
		F04A8F382DBC19EE0066FBFE /* Frameworks */ = {
			isa = PBXFrameworksBuildPhase;
			buildActionMask = 2147483647;
			files = (
				F04A8F3E2DBC19EF0066FBFE /* Intents.framework in Frameworks */,
			);
			runOnlyForDeploymentPostprocessing = 0;
		};
		F04A8F442DBC19EF0066FBFE /* Frameworks */ = {
			isa = PBXFrameworksBuildPhase;
			buildActionMask = 2147483647;
			files = (
				F04A8F492DBC19EF0066FBFE /* IntentsUI.framework in Frameworks */,
			);
			runOnlyForDeploymentPostprocessing = 0;
		};
		F051A3BA2D7ABB91009BF97C /* Frameworks */ = {
			isa = PBXFrameworksBuildPhase;
			buildActionMask = 2147483647;
			files = (
			);
			runOnlyForDeploymentPostprocessing = 0;
		};
		F051A3CF2D7ABB93009BF97C /* Frameworks */ = {
			isa = PBXFrameworksBuildPhase;
			buildActionMask = 2147483647;
			files = (
			);
			runOnlyForDeploymentPostprocessing = 0;
		};
		F051A3D92D7ABB93009BF97C /* Frameworks */ = {
			isa = PBXFrameworksBuildPhase;
			buildActionMask = 2147483647;
			files = (
			);
			runOnlyForDeploymentPostprocessing = 0;
		};
/* End PBXFrameworksBuildPhase section */

/* Begin PBXGroup section */
		F04A8F3C2DBC19EF0066FBFE /* Frameworks */ = {
			isa = PBXGroup;
			children = (
				F04A8F3D2DBC19EF0066FBFE /* Intents.framework */,
				F04A8F482DBC19EF0066FBFE /* IntentsUI.framework */,
			);
			name = Frameworks;
			sourceTree = "<group>";
		};
		F051A3B42D7ABB91009BF97C = {
			isa = PBXGroup;
			children = (
				F051A3BF2D7ABB91009BF97C /* Smart Study Planner */,
				F051A3D52D7ABB93009BF97C /* Smart Study PlannerTests */,
				F051A3DF2D7ABB93009BF97C /* Smart Study PlannerUITests */,
				F04A8F3F2DBC19EF0066FBFE /* CreateTaskIntent */,
				F04A8F4A2DBC19EF0066FBFE /* CreateTaskIntentUI */,
				F04A8F3C2DBC19EF0066FBFE /* Frameworks */,
				F051A3BE2D7ABB91009BF97C /* Products */,
			);
			sourceTree = "<group>";
		};
		F051A3BE2D7ABB91009BF97C /* Products */ = {
			isa = PBXGroup;
			children = (
				F051A3BD2D7ABB91009BF97C /* Smart Study Planner.app */,
				F051A3D22D7ABB93009BF97C /* Smart Study PlannerTests.xctest */,
				F051A3DC2D7ABB93009BF97C /* Smart Study PlannerUITests.xctest */,
				F04A8F3B2DBC19EE0066FBFE /* CreateTaskIntent.appex */,
				F04A8F472DBC19EF0066FBFE /* CreateTaskIntentUI.appex */,
			);
			name = Products;
			sourceTree = "<group>";
		};
/* End PBXGroup section */

/* Begin PBXNativeTarget section */
		F04A8F3A2DBC19EE0066FBFE /* CreateTaskIntent */ = {
			isa = PBXNativeTarget;
			buildConfigurationList = F04A8F582DBC19EF0066FBFE /* Build configuration list for PBXNativeTarget "CreateTaskIntent" */;
			buildPhases = (
				F04A8F372DBC19EE0066FBFE /* Sources */,
				F04A8F382DBC19EE0066FBFE /* Frameworks */,
				F04A8F392DBC19EE0066FBFE /* Resources */,
			);
			buildRules = (
			);
			dependencies = (
			);
			fileSystemSynchronizedGroups = (
				F04A8F3F2DBC19EF0066FBFE /* CreateTaskIntent */,
			);
			name = CreateTaskIntent;
			packageProductDependencies = (
			);
			productName = CreateTaskIntent;
			productReference = F04A8F3B2DBC19EE0066FBFE /* CreateTaskIntent.appex */;
			productType = "com.apple.product-type.app-extension";
		};
		F04A8F462DBC19EF0066FBFE /* CreateTaskIntentUI */ = {
			isa = PBXNativeTarget;
			buildConfigurationList = F04A8F5C2DBC19EF0066FBFE /* Build configuration list for PBXNativeTarget "CreateTaskIntentUI" */;
			buildPhases = (
				F04A8F432DBC19EF0066FBFE /* Sources */,
				F04A8F442DBC19EF0066FBFE /* Frameworks */,
				F04A8F452DBC19EF0066FBFE /* Resources */,
			);
			buildRules = (
			);
			dependencies = (
			);
			fileSystemSynchronizedGroups = (
				F04A8F4A2DBC19EF0066FBFE /* CreateTaskIntentUI */,
			);
			name = CreateTaskIntentUI;
			packageProductDependencies = (
			);
			productName = CreateTaskIntentUI;
			productReference = F04A8F472DBC19EF0066FBFE /* CreateTaskIntentUI.appex */;
			productType = "com.apple.product-type.app-extension";
		};
		F051A3BC2D7ABB91009BF97C /* Smart Study Planner */ = {
			isa = PBXNativeTarget;
			buildConfigurationList = F051A3E62D7ABB93009BF97C /* Build configuration list for PBXNativeTarget "Smart Study Planner" */;
			buildPhases = (
				F051A3B92D7ABB91009BF97C /* Sources */,
				F051A3BA2D7ABB91009BF97C /* Frameworks */,
				F051A3BB2D7ABB91009BF97C /* Resources */,
				F04A8F5F2DBC19EF0066FBFE /* Embed Foundation Extensions */,
			);
			buildRules = (
			);
			dependencies = (
				F04A8F522DBC19EF0066FBFE /* PBXTargetDependency */,
				F04A8F552DBC19EF0066FBFE /* PBXTargetDependency */,
			);
			fileSystemSynchronizedGroups = (
				F051A3BF2D7ABB91009BF97C /* Smart Study Planner */,
			);
			name = "Smart Study Planner";
			packageProductDependencies = (
			);
			productName = "Smart Study Planner";
			productReference = F051A3BD2D7ABB91009BF97C /* Smart Study Planner.app */;
			productType = "com.apple.product-type.application";
		};
		F051A3D12D7ABB93009BF97C /* Smart Study PlannerTests */ = {
			isa = PBXNativeTarget;
			buildConfigurationList = F051A3E92D7ABB93009BF97C /* Build configuration list for PBXNativeTarget "Smart Study PlannerTests" */;
			buildPhases = (
				F051A3CE2D7ABB93009BF97C /* Sources */,
				F051A3CF2D7ABB93009BF97C /* Frameworks */,
				F051A3D02D7ABB93009BF97C /* Resources */,
			);
			buildRules = (
			);
			dependencies = (
				F051A3D42D7ABB93009BF97C /* PBXTargetDependency */,
			);
			fileSystemSynchronizedGroups = (
				F051A3D52D7ABB93009BF97C /* Smart Study PlannerTests */,
			);
			name = "Smart Study PlannerTests";
			packageProductDependencies = (
			);
			productName = "Smart Study PlannerTests";
			productReference = F051A3D22D7ABB93009BF97C /* Smart Study PlannerTests.xctest */;
			productType = "com.apple.product-type.bundle.unit-test";
		};
		F051A3DB2D7ABB93009BF97C /* Smart Study PlannerUITests */ = {
			isa = PBXNativeTarget;
			buildConfigurationList = F051A3EC2D7ABB93009BF97C /* Build configuration list for PBXNativeTarget "Smart Study PlannerUITests" */;
			buildPhases = (
				F051A3D82D7ABB93009BF97C /* Sources */,
				F051A3D92D7ABB93009BF97C /* Frameworks */,
				F051A3DA2D7ABB93009BF97C /* Resources */,
			);
			buildRules = (
			);
			dependencies = (
				F051A3DE2D7ABB93009BF97C /* PBXTargetDependency */,
			);
			fileSystemSynchronizedGroups = (
				F051A3DF2D7ABB93009BF97C /* Smart Study PlannerUITests */,
			);
			name = "Smart Study PlannerUITests";
			packageProductDependencies = (
			);
			productName = "Smart Study PlannerUITests";
			productReference = F051A3DC2D7ABB93009BF97C /* Smart Study PlannerUITests.xctest */;
			productType = "com.apple.product-type.bundle.ui-testing";
		};
/* End PBXNativeTarget section */

/* Begin PBXProject section */
		F051A3B52D7ABB91009BF97C /* Project object */ = {
			isa = PBXProject;
			attributes = {
				BuildIndependentTargetsInParallel = 1;
				LastSwiftUpdateCheck = 1630;
				LastUpgradeCheck = 1620;
				TargetAttributes = {
					F04A8F3A2DBC19EE0066FBFE = {
						CreatedOnToolsVersion = 16.3;
					};
					F04A8F462DBC19EF0066FBFE = {
						CreatedOnToolsVersion = 16.3;
					};
					F051A3BC2D7ABB91009BF97C = {
						CreatedOnToolsVersion = 16.2;
					};
					F051A3D12D7ABB93009BF97C = {
						CreatedOnToolsVersion = 16.2;
						TestTargetID = F051A3BC2D7ABB91009BF97C;
					};
					F051A3DB2D7ABB93009BF97C = {
						CreatedOnToolsVersion = 16.2;
						TestTargetID = F051A3BC2D7ABB91009BF97C;
					};
				};
			};
			buildConfigurationList = F051A3B82D7ABB91009BF97C /* Build configuration list for PBXProject "Smart Study Planner" */;
			developmentRegion = en;
			hasScannedForEncodings = 0;
			knownRegions = (
				en,
				Base,
			);
			mainGroup = F051A3B42D7ABB91009BF97C;
			minimizedProjectReferenceProxies = 1;
			preferredProjectObjectVersion = 77;
			productRefGroup = F051A3BE2D7ABB91009BF97C /* Products */;
			projectDirPath = "";
			projectRoot = "";
			targets = (
				F051A3BC2D7ABB91009BF97C /* Smart Study Planner */,
				F051A3D12D7ABB93009BF97C /* Smart Study PlannerTests */,
				F051A3DB2D7ABB93009BF97C /* Smart Study PlannerUITests */,
				F04A8F3A2DBC19EE0066FBFE /* CreateTaskIntent */,
				F04A8F462DBC19EF0066FBFE /* CreateTaskIntentUI */,
			);
		};
/* End PBXProject section */

/* Begin PBXResourcesBuildPhase section */
		F04A8F392DBC19EE0066FBFE /* Resources */ = {
			isa = PBXResourcesBuildPhase;
			buildActionMask = 2147483647;
			files = (
			);
			runOnlyForDeploymentPostprocessing = 0;
		};
		F04A8F452DBC19EF0066FBFE /* Resources */ = {
			isa = PBXResourcesBuildPhase;
			buildActionMask = 2147483647;
			files = (
			);
			runOnlyForDeploymentPostprocessing = 0;
		};
		F051A3BB2D7ABB91009BF97C /* Resources */ = {
			isa = PBXResourcesBuildPhase;
			buildActionMask = 2147483647;
			files = (
			);
			runOnlyForDeploymentPostprocessing = 0;
		};
		F051A3D02D7ABB93009BF97C /* Resources */ = {
			isa = PBXResourcesBuildPhase;
			buildActionMask = 2147483647;
			files = (
			);
			runOnlyForDeploymentPostprocessing = 0;
		};
		F051A3DA2D7ABB93009BF97C /* Resources */ = {
			isa = PBXResourcesBuildPhase;
			buildActionMask = 2147483647;
			files = (
			);
			runOnlyForDeploymentPostprocessing = 0;
		};
/* End PBXResourcesBuildPhase section */

/* Begin PBXSourcesBuildPhase section */
		F04A8F372DBC19EE0066FBFE /* Sources */ = {
			isa = PBXSourcesBuildPhase;
			buildActionMask = 2147483647;
			files = (
			);
			runOnlyForDeploymentPostprocessing = 0;
		};
		F04A8F432DBC19EF0066FBFE /* Sources */ = {
			isa = PBXSourcesBuildPhase;
			buildActionMask = 2147483647;
			files = (
			);
			runOnlyForDeploymentPostprocessing = 0;
		};
		F051A3B92D7ABB91009BF97C /* Sources */ = {
			isa = PBXSourcesBuildPhase;
			buildActionMask = 2147483647;
			files = (
			);
			runOnlyForDeploymentPostprocessing = 0;
		};
		F051A3CE2D7ABB93009BF97C /* Sources */ = {
			isa = PBXSourcesBuildPhase;
			buildActionMask = 2147483647;
			files = (
			);
			runOnlyForDeploymentPostprocessing = 0;
		};
		F051A3D82D7ABB93009BF97C /* Sources */ = {
			isa = PBXSourcesBuildPhase;
			buildActionMask = 2147483647;
			files = (
			);
			runOnlyForDeploymentPostprocessing = 0;
		};
/* End PBXSourcesBuildPhase section */

/* Begin PBXTargetDependency section */
		F04A8F522DBC19EF0066FBFE /* PBXTargetDependency */ = {
			isa = PBXTargetDependency;
			target = F04A8F462DBC19EF0066FBFE /* CreateTaskIntentUI */;
			targetProxy = F04A8F512DBC19EF0066FBFE /* PBXContainerItemProxy */;
		};
		F04A8F552DBC19EF0066FBFE /* PBXTargetDependency */ = {
			isa = PBXTargetDependency;
			target = F04A8F3A2DBC19EE0066FBFE /* CreateTaskIntent */;
			targetProxy = F04A8F542DBC19EF0066FBFE /* PBXContainerItemProxy */;
		};
		F051A3D42D7ABB93009BF97C /* PBXTargetDependency */ = {
			isa = PBXTargetDependency;
			target = F051A3BC2D7ABB91009BF97C /* Smart Study Planner */;
			targetProxy = F051A3D32D7ABB93009BF97C /* PBXContainerItemProxy */;
		};
		F051A3DE2D7ABB93009BF97C /* PBXTargetDependency */ = {
			isa = PBXTargetDependency;
			target = F051A3BC2D7ABB91009BF97C /* Smart Study Planner */;
			targetProxy = F051A3DD2D7ABB93009BF97C /* PBXContainerItemProxy */;
		};
/* End PBXTargetDependency section */

/* Begin XCBuildConfiguration section */
		F04A8F592DBC19EF0066FBFE /* Debug */ = {
			isa = XCBuildConfiguration;
			buildSettings = {
				CODE_SIGN_ENTITLEMENTS = CreateTaskIntent/CreateTaskIntent.entitlements;
				CODE_SIGN_STYLE = Automatic;
				CURRENT_PROJECT_VERSION = 1;
				DEVELOPMENT_TEAM = 5MFCUG2773;
				GENERATE_INFOPLIST_FILE = YES;
				INFOPLIST_FILE = CreateTaskIntent/Info.plist;
				INFOPLIST_KEY_CFBundleDisplayName = CreateTaskIntent;
				INFOPLIST_KEY_NSHumanReadableCopyright = "";
				IPHONEOS_DEPLOYMENT_TARGET = 18.4;
				LD_RUNPATH_SEARCH_PATHS = (
					"$(inherited)",
					"@executable_path/Frameworks",
					"@executable_path/../../Frameworks",
				);
				MARKETING_VERSION = 1.0;
				PRODUCT_BUNDLE_IDENTIFIER = "SmartStudy.Smart-Study-Planner.CreateTaskIntent";
				PRODUCT_NAME = "$(TARGET_NAME)";
				SKIP_INSTALL = YES;
				SWIFT_EMIT_LOC_STRINGS = YES;
				SWIFT_VERSION = 5.0;
				TARGETED_DEVICE_FAMILY = "1,2";
			};
			name = Debug;
		};
		F04A8F5A2DBC19EF0066FBFE /* Release */ = {
			isa = XCBuildConfiguration;
			buildSettings = {
				CODE_SIGN_ENTITLEMENTS = CreateTaskIntent/CreateTaskIntent.entitlements;
				CODE_SIGN_STYLE = Automatic;
				CURRENT_PROJECT_VERSION = 1;
				DEVELOPMENT_TEAM = 5MFCUG2773;
				GENERATE_INFOPLIST_FILE = YES;
				INFOPLIST_FILE = CreateTaskIntent/Info.plist;
				INFOPLIST_KEY_CFBundleDisplayName = CreateTaskIntent;
				INFOPLIST_KEY_NSHumanReadableCopyright = "";
				IPHONEOS_DEPLOYMENT_TARGET = 18.4;
				LD_RUNPATH_SEARCH_PATHS = (
					"$(inherited)",
					"@executable_path/Frameworks",
					"@executable_path/../../Frameworks",
				);
				MARKETING_VERSION = 1.0;
				PRODUCT_BUNDLE_IDENTIFIER = "SmartStudy.Smart-Study-Planner.CreateTaskIntent";
				PRODUCT_NAME = "$(TARGET_NAME)";
				SKIP_INSTALL = YES;
				SWIFT_EMIT_LOC_STRINGS = YES;
				SWIFT_VERSION = 5.0;
				TARGETED_DEVICE_FAMILY = "1,2";
			};
			name = Release;
		};
		F04A8F5D2DBC19EF0066FBFE /* Debug */ = {
			isa = XCBuildConfiguration;
			buildSettings = {
				CODE_SIGN_ENTITLEMENTS = CreateTaskIntentUI/CreateTaskIntentUI.entitlements;
				CODE_SIGN_STYLE = Automatic;
				CURRENT_PROJECT_VERSION = 1;
				DEVELOPMENT_TEAM = 5MFCUG2773;
				GENERATE_INFOPLIST_FILE = YES;
				INFOPLIST_FILE = CreateTaskIntentUI/Info.plist;
				INFOPLIST_KEY_CFBundleDisplayName = CreateTaskIntentUI;
				INFOPLIST_KEY_NSHumanReadableCopyright = "";
				IPHONEOS_DEPLOYMENT_TARGET = 18.4;
				LD_RUNPATH_SEARCH_PATHS = (
					"$(inherited)",
					"@executable_path/Frameworks",
					"@executable_path/../../Frameworks",
				);
				MARKETING_VERSION = 1.0;
				PRODUCT_BUNDLE_IDENTIFIER = "SmartStudy.Smart-Study-Planner.CreateTaskIntentUI";
				PRODUCT_NAME = "$(TARGET_NAME)";
				SKIP_INSTALL = YES;
				SWIFT_EMIT_LOC_STRINGS = YES;
				SWIFT_VERSION = 5.0;
				TARGETED_DEVICE_FAMILY = "1,2";
			};
			name = Debug;
		};
		F04A8F5E2DBC19EF0066FBFE /* Release */ = {
			isa = XCBuildConfiguration;
			buildSettings = {
				CODE_SIGN_ENTITLEMENTS = CreateTaskIntentUI/CreateTaskIntentUI.entitlements;
				CODE_SIGN_STYLE = Automatic;
				CURRENT_PROJECT_VERSION = 1;
				DEVELOPMENT_TEAM = 5MFCUG2773;
				GENERATE_INFOPLIST_FILE = YES;
				INFOPLIST_FILE = CreateTaskIntentUI/Info.plist;
				INFOPLIST_KEY_CFBundleDisplayName = CreateTaskIntentUI;
				INFOPLIST_KEY_NSHumanReadableCopyright = "";
				IPHONEOS_DEPLOYMENT_TARGET = 18.4;
				LD_RUNPATH_SEARCH_PATHS = (
					"$(inherited)",
					"@executable_path/Frameworks",
					"@executable_path/../../Frameworks",
				);
				MARKETING_VERSION = 1.0;
				PRODUCT_BUNDLE_IDENTIFIER = "SmartStudy.Smart-Study-Planner.CreateTaskIntentUI";
				PRODUCT_NAME = "$(TARGET_NAME)";
				SKIP_INSTALL = YES;
				SWIFT_EMIT_LOC_STRINGS = YES;
				SWIFT_VERSION = 5.0;
				TARGETED_DEVICE_FAMILY = "1,2";
			};
			name = Release;
		};
		F051A3E42D7ABB93009BF97C /* Debug */ = {
			isa = XCBuildConfiguration;
			buildSettings = {
				ALWAYS_SEARCH_USER_PATHS = NO;
				ASSETCATALOG_COMPILER_GENERATE_SWIFT_ASSET_SYMBOL_EXTENSIONS = YES;
				CLANG_ANALYZER_NONNULL = YES;
				CLANG_ANALYZER_NUMBER_OBJECT_CONVERSION = YES_AGGRESSIVE;
				CLANG_CXX_LANGUAGE_STANDARD = "gnu++20";
				CLANG_ENABLE_MODULES = YES;
				CLANG_ENABLE_OBJC_ARC = YES;
				CLANG_ENABLE_OBJC_WEAK = YES;
				CLANG_WARN_BLOCK_CAPTURE_AUTORELEASING = YES;
				CLANG_WARN_BOOL_CONVERSION = YES;
				CLANG_WARN_COMMA = YES;
				CLANG_WARN_CONSTANT_CONVERSION = YES;
				CLANG_WARN_DEPRECATED_OBJC_IMPLEMENTATIONS = YES;
				CLANG_WARN_DIRECT_OBJC_ISA_USAGE = YES_ERROR;
				CLANG_WARN_DOCUMENTATION_COMMENTS = YES;
				CLANG_WARN_EMPTY_BODY = YES;
				CLANG_WARN_ENUM_CONVERSION = YES;
				CLANG_WARN_INFINITE_RECURSION = YES;
				CLANG_WARN_INT_CONVERSION = YES;
				CLANG_WARN_NON_LITERAL_NULL_CONVERSION = YES;
				CLANG_WARN_OBJC_IMPLICIT_RETAIN_SELF = YES;
				CLANG_WARN_OBJC_LITERAL_CONVERSION = YES;
				CLANG_WARN_OBJC_ROOT_CLASS = YES_ERROR;
				CLANG_WARN_QUOTED_INCLUDE_IN_FRAMEWORK_HEADER = YES;
				CLANG_WARN_RANGE_LOOP_ANALYSIS = YES;
				CLANG_WARN_STRICT_PROTOTYPES = YES;
				CLANG_WARN_SUSPICIOUS_MOVE = YES;
				CLANG_WARN_UNGUARDED_AVAILABILITY = YES_AGGRESSIVE;
				CLANG_WARN_UNREACHABLE_CODE = YES;
				CLANG_WARN__DUPLICATE_METHOD_MATCH = YES;
				CONFIGURATION_BUILD_DIR = "$(BUILD_DIR)/$(CONFIGURATION)$(EFFECTIVE_PLATFORM_NAME)/$(TARGET_NAME)";
				COPY_PHASE_STRIP = NO;
				DEBUG_INFORMATION_FORMAT = dwarf;
				ENABLE_STRICT_OBJC_MSGSEND = YES;
				ENABLE_TESTABILITY = YES;
				ENABLE_USER_SCRIPT_SANDBOXING = YES;
				GCC_C_LANGUAGE_STANDARD = gnu17;
				GCC_DYNAMIC_NO_PIC = NO;
				GCC_NO_COMMON_BLOCKS = YES;
				GCC_OPTIMIZATION_LEVEL = 0;
				GCC_PREPROCESSOR_DEFINITIONS = (
					"DEBUG=1",
					"$(inherited)",
				);
				GCC_WARN_64_TO_32_BIT_CONVERSION = YES;
				GCC_WARN_ABOUT_RETURN_TYPE = YES_ERROR;
				GCC_WARN_UNDECLARED_SELECTOR = YES;
				GCC_WARN_UNINITIALIZED_AUTOS = YES_AGGRESSIVE;
				GCC_WARN_UNUSED_FUNCTION = YES;
				GCC_WARN_UNUSED_VARIABLE = YES;
				IPHONEOS_DEPLOYMENT_TARGET = 18.2;
				LOCALIZATION_PREFERS_STRING_CATALOGS = YES;
				MTL_ENABLE_DEBUG_INFO = INCLUDE_SOURCE;
				MTL_FAST_MATH = YES;
				OBJROOT = "$(SYMROOT)/Build/Intermediates.noindex/$(TARGET_NAME)";
				ONLY_ACTIVE_ARCH = YES;
				PRODUCT_NAME = "$(TARGET_NAME)";
				SDKROOT = iphoneos;
				STRINGSDATA_DIR = "$(DERIVED_FILE_DIR)/$(TARGET_NAME)";
				STRINGS_FILE_OUTPUT_ENCODING = "UTF-8";
				SWIFT_ACTIVE_COMPILATION_CONDITIONS = "DEBUG $(inherited)";
				SWIFT_OPTIMIZATION_LEVEL = "-Onone";
				SWIFT_VERSION = 5.0;
				TARGETED_DEVICE_FAMILY = "1,2";
			};
			name = Debug;
		};
		F051A3E52D7ABB93009BF97C /* Release */ = {
			isa = XCBuildConfiguration;
			buildSettings = {
				ALWAYS_SEARCH_USER_PATHS = NO;
				ASSETCATALOG_COMPILER_GENERATE_SWIFT_ASSET_SYMBOL_EXTENSIONS = YES;
				CLANG_ANALYZER_NONNULL = YES;
				CLANG_ANALYZER_NUMBER_OBJECT_CONVERSION = YES_AGGRESSIVE;
				CLANG_CXX_LANGUAGE_STANDARD = "gnu++20";
				CLANG_ENABLE_MODULES = YES;
				CLANG_ENABLE_OBJC_ARC = YES;
				CLANG_ENABLE_OBJC_WEAK = YES;
				CLANG_WARN_BLOCK_CAPTURE_AUTORELEASING = YES;
				CLANG_WARN_BOOL_CONVERSION = YES;
				CLANG_WARN_COMMA = YES;
				CLANG_WARN_CONSTANT_CONVERSION = YES;
				CLANG_WARN_DEPRECATED_OBJC_IMPLEMENTATIONS = YES;
				CLANG_WARN_DIRECT_OBJC_ISA_USAGE = YES_ERROR;
				CLANG_WARN_DOCUMENTATION_COMMENTS = YES;
				CLANG_WARN_EMPTY_BODY = YES;
				CLANG_WARN_ENUM_CONVERSION = YES;
				CLANG_WARN_INFINITE_RECURSION = YES;
				CLANG_WARN_INT_CONVERSION = YES;
				CLANG_WARN_NON_LITERAL_NULL_CONVERSION = YES;
				CLANG_WARN_OBJC_IMPLICIT_RETAIN_SELF = YES;
				CLANG_WARN_OBJC_LITERAL_CONVERSION = YES;
				CLANG_WARN_OBJC_ROOT_CLASS = YES_ERROR;
				CLANG_WARN_QUOTED_INCLUDE_IN_FRAMEWORK_HEADER = YES;
				CLANG_WARN_RANGE_LOOP_ANALYSIS = YES;
				CLANG_WARN_STRICT_PROTOTYPES = YES;
				CLANG_WARN_SUSPICIOUS_MOVE = YES;
				CLANG_WARN_UNGUARDED_AVAILABILITY = YES_AGGRESSIVE;
				CLANG_WARN_UNREACHABLE_CODE = YES;
				CLANG_WARN__DUPLICATE_METHOD_MATCH = YES;
				CONFIGURATION_BUILD_DIR = "$(BUILD_DIR)/$(CONFIGURATION)$(EFFECTIVE_PLATFORM_NAME)/$(TARGET_NAME)";
				COPY_PHASE_STRIP = NO;
				DEBUG_INFORMATION_FORMAT = "dwarf-with-dsym";
				ENABLE_NS_ASSERTIONS = NO;
				ENABLE_STRICT_OBJC_MSGSEND = YES;
				ENABLE_USER_SCRIPT_SANDBOXING = YES;
				GCC_C_LANGUAGE_STANDARD = gnu17;
				GCC_NO_COMMON_BLOCKS = YES;
				GCC_WARN_64_TO_32_BIT_CONVERSION = YES;
				GCC_WARN_ABOUT_RETURN_TYPE = YES_ERROR;
				GCC_WARN_UNDECLARED_SELECTOR = YES;
				GCC_WARN_UNINITIALIZED_AUTOS = YES_AGGRESSIVE;
				GCC_WARN_UNUSED_FUNCTION = YES;
				GCC_WARN_UNUSED_VARIABLE = YES;
				IPHONEOS_DEPLOYMENT_TARGET = 18.2;
				LOCALIZATION_PREFERS_STRING_CATALOGS = YES;
				MTL_ENABLE_DEBUG_INFO = NO;
				MTL_FAST_MATH = YES;
				OBJROOT = "$(SYMROOT)/Build/Intermediates.noindex/$(TARGET_NAME)";
				PRODUCT_NAME = "$(TARGET_NAME)";
				SDKROOT = iphoneos;
				STRINGSDATA_DIR = "$(DERIVED_FILE_DIR)/$(TARGET_NAME)";
				STRINGS_FILE_OUTPUT_ENCODING = "UTF-8";
				SWIFT_COMPILATION_MODE = wholemodule;
				SWIFT_VERSION = 5.0;
				TARGETED_DEVICE_FAMILY = "1,2";
				VALIDATE_PRODUCT = YES;
			};
			name = Release;
		};
		F051A3E72D7ABB93009BF97C /* Debug */ = {
			isa = XCBuildConfiguration;
			buildSettings = {
				ASSETCATALOG_COMPILER_APPICON_NAME = AppIcon;
				ASSETCATALOG_COMPILER_GLOBAL_ACCENT_COLOR_NAME = AccentColor;
				CODE_SIGN_ENTITLEMENTS = "Smart Study Planner/Smart Study Planner.entitlements";
				CODE_SIGN_STYLE = Automatic;
				CURRENT_PROJECT_VERSION = 1;
				DEVELOPMENT_ASSET_PATHS = "\"Smart Study Planner/Preview Content\"";
				DEVELOPMENT_TEAM = 5MFCUG2773;
				ENABLE_PREVIEWS = YES;
				GENERATE_INFOPLIST_FILE = YES;
				INFOPLIST_FILE = "Smart-Study-Planner-Info.plist";
				INFOPLIST_KEY_UIApplicationSceneManifest_Generation = YES;
				INFOPLIST_KEY_UIApplicationSupportsIndirectInputEvents = YES;
				INFOPLIST_KEY_UILaunchScreen_Generation = YES;
				INFOPLIST_KEY_UISupportedInterfaceOrientations_iPad = "UIInterfaceOrientationPortrait UIInterfaceOrientationPortraitUpsideDown UIInterfaceOrientationLandscapeLeft UIInterfaceOrientationLandscapeRight";
				INFOPLIST_KEY_UISupportedInterfaceOrientations_iPhone = "UIInterfaceOrientationPortrait UIInterfaceOrientationLandscapeLeft UIInterfaceOrientationLandscapeRight";
				LD_RUNPATH_SEARCH_PATHS = (
					"$(inherited)",
					"@executable_path/Frameworks",
				);
				MARKETING_VERSION = 1.0;
				PRODUCT_BUNDLE_IDENTIFIER = "SmartStudy.Smart-Study-Planner";
				PRODUCT_NAME = "$(TARGET_NAME)";
				SWIFT_EMIT_LOC_STRINGS = YES;
				SWIFT_VERSION = 5.0;
				TARGETED_DEVICE_FAMILY = "1,2";
			};
			name = Debug;
		};
		F051A3E82D7ABB93009BF97C /* Release */ = {
			isa = XCBuildConfiguration;
			buildSettings = {
				ASSETCATALOG_COMPILER_APPICON_NAME = AppIcon;
				ASSETCATALOG_COMPILER_GLOBAL_ACCENT_COLOR_NAME = AccentColor;
				CODE_SIGN_ENTITLEMENTS = "Smart Study Planner/Smart Study Planner.entitlements";
				CODE_SIGN_STYLE = Automatic;
				CURRENT_PROJECT_VERSION = 1;
				DEVELOPMENT_ASSET_PATHS = "\"Smart Study Planner/Preview Content\"";
				DEVELOPMENT_TEAM = 5MFCUG2773;
				ENABLE_PREVIEWS = YES;
				GENERATE_INFOPLIST_FILE = YES;
				INFOPLIST_FILE = "Smart-Study-Planner-Info.plist";
				INFOPLIST_KEY_UIApplicationSceneManifest_Generation = YES;
				INFOPLIST_KEY_UIApplicationSupportsIndirectInputEvents = YES;
				INFOPLIST_KEY_UILaunchScreen_Generation = YES;
				INFOPLIST_KEY_UISupportedInterfaceOrientations_iPad = "UIInterfaceOrientationPortrait UIInterfaceOrientationPortraitUpsideDown UIInterfaceOrientationLandscapeLeft UIInterfaceOrientationLandscapeRight";
				INFOPLIST_KEY_UISupportedInterfaceOrientations_iPhone = "UIInterfaceOrientationPortrait UIInterfaceOrientationLandscapeLeft UIInterfaceOrientationLandscapeRight";
				LD_RUNPATH_SEARCH_PATHS = (
					"$(inherited)",
					"@executable_path/Frameworks",
				);
				MARKETING_VERSION = 1.0;
				PRODUCT_BUNDLE_IDENTIFIER = "SmartStudy.Smart-Study-Planner";
				PRODUCT_NAME = "$(TARGET_NAME)";
				SWIFT_EMIT_LOC_STRINGS = YES;
				SWIFT_VERSION = 5.0;
				TARGETED_DEVICE_FAMILY = "1,2";
			};
			name = Release;
		};
		F051A3EA2D7ABB93009BF97C /* Debug */ = {
			isa = XCBuildConfiguration;
			buildSettings = {
				BUNDLE_LOADER = "$(TEST_HOST)";
				CODE_SIGN_STYLE = Automatic;
				CURRENT_PROJECT_VERSION = 1;
				DEVELOPMENT_TEAM = 5MFCUG2773;
				GENERATE_INFOPLIST_FILE = YES;
				IPHONEOS_DEPLOYMENT_TARGET = 18.2;
				MARKETING_VERSION = 1.0;
				PRODUCT_BUNDLE_IDENTIFIER = "SmartStudy.Smart-Study-PlannerTests";
				PRODUCT_NAME = "$(TARGET_NAME)";
				SWIFT_EMIT_LOC_STRINGS = NO;
				SWIFT_VERSION = 5.0;
				TARGETED_DEVICE_FAMILY = "1,2";
				TEST_HOST = "$(BUILT_PRODUCTS_DIR)/Smart Study Planner.app/$(BUNDLE_EXECUTABLE_FOLDER_PATH)/Smart Study Planner";
			};
			name = Debug;
		};
		F051A3EB2D7ABB93009BF97C /* Release */ = {
			isa = XCBuildConfiguration;
			buildSettings = {
				BUNDLE_LOADER = "$(TEST_HOST)";
				CODE_SIGN_STYLE = Automatic;
				CURRENT_PROJECT_VERSION = 1;
				DEVELOPMENT_TEAM = 5MFCUG2773;
				GENERATE_INFOPLIST_FILE = YES;
				IPHONEOS_DEPLOYMENT_TARGET = 18.2;
				MARKETING_VERSION = 1.0;
				PRODUCT_BUNDLE_IDENTIFIER = "SmartStudy.Smart-Study-PlannerTests";
				PRODUCT_NAME = "$(TARGET_NAME)";
				SWIFT_EMIT_LOC_STRINGS = NO;
				SWIFT_VERSION = 5.0;
				TARGETED_DEVICE_FAMILY = "1,2";
				TEST_HOST = "$(BUILT_PRODUCTS_DIR)/Smart Study Planner.app/$(BUNDLE_EXECUTABLE_FOLDER_PATH)/Smart Study Planner";
			};
			name = Release;
		};
		F051A3ED2D7ABB93009BF97C /* Debug */ = {
			isa = XCBuildConfiguration;
			buildSettings = {
				CODE_SIGN_STYLE = Automatic;
				CURRENT_PROJECT_VERSION = 1;
				DEVELOPMENT_TEAM = 5MFCUG2773;
				GENERATE_INFOPLIST_FILE = YES;
				MARKETING_VERSION = 1.0;
				PRODUCT_BUNDLE_IDENTIFIER = "SmartStudy.Smart-Study-PlannerUITests";
				PRODUCT_NAME = "$(TARGET_NAME)";
				SWIFT_EMIT_LOC_STRINGS = NO;
				SWIFT_VERSION = 5.0;
				TARGETED_DEVICE_FAMILY = "1,2";
				TEST_TARGET_NAME = "Smart Study Planner";
			};
			name = Debug;
		};
		F051A3EE2D7ABB93009BF97C /* Release */ = {
			isa = XCBuildConfiguration;
			buildSettings = {
				CODE_SIGN_STYLE = Automatic;
				CURRENT_PROJECT_VERSION = 1;
				DEVELOPMENT_TEAM = 5MFCUG2773;
				GENERATE_INFOPLIST_FILE = YES;
				MARKETING_VERSION = 1.0;
				PRODUCT_BUNDLE_IDENTIFIER = "SmartStudy.Smart-Study-PlannerUITests";
				PRODUCT_NAME = "$(TARGET_NAME)";
				SWIFT_EMIT_LOC_STRINGS = NO;
				SWIFT_VERSION = 5.0;
				TARGETED_DEVICE_FAMILY = "1,2";
				TEST_TARGET_NAME = "Smart Study Planner";
			};
			name = Release;
		};
/* End XCBuildConfiguration section */

/* Begin XCConfigurationList section */
		F04A8F582DBC19EF0066FBFE /* Build configuration list for PBXNativeTarget "CreateTaskIntent" */ = {
			isa = XCConfigurationList;
			buildConfigurations = (
				F04A8F592DBC19EF0066FBFE /* Debug */,
				F04A8F5A2DBC19EF0066FBFE /* Release */,
			);
			defaultConfigurationIsVisible = 0;
			defaultConfigurationName = Release;
		};
		F04A8F5C2DBC19EF0066FBFE /* Build configuration list for PBXNativeTarget "CreateTaskIntentUI" */ = {
			isa = XCConfigurationList;
			buildConfigurations = (
				F04A8F5D2DBC19EF0066FBFE /* Debug */,
				F04A8F5E2DBC19EF0066FBFE /* Release */,
			);
			defaultConfigurationIsVisible = 0;
			defaultConfigurationName = Release;
		};
		F051A3B82D7ABB91009BF97C /* Build configuration list for PBXProject "Smart Study Planner" */ = {
			isa = XCConfigurationList;
			buildConfigurations = (
				F051A3E42D7ABB93009BF97C /* Debug */,
				F051A3E52D7ABB93009BF97C /* Release */,
			);
			defaultConfigurationIsVisible = 0;
			defaultConfigurationName = Release;
		};
		F051A3E62D7ABB93009BF97C /* Build configuration list for PBXNativeTarget "Smart Study Planner" */ = {
			isa = XCConfigurationList;
			buildConfigurations = (
				F051A3E72D7ABB93009BF97C /* Debug */,
				F051A3E82D7ABB93009BF97C /* Release */,
			);
			defaultConfigurationIsVisible = 0;
			defaultConfigurationName = Release;
		};
		F051A3E92D7ABB93009BF97C /* Build configuration list for PBXNativeTarget "Smart Study PlannerTests" */ = {
			isa = XCConfigurationList;
			buildConfigurations = (
				F051A3EA2D7ABB93009BF97C /* Debug */,
				F051A3EB2D7ABB93009BF97C /* Release */,
			);
			defaultConfigurationIsVisible = 0;
			defaultConfigurationName = Release;
		};
		F051A3EC2D7ABB93009BF97C /* Build configuration list for PBXNativeTarget "Smart Study PlannerUITests" */ = {
			isa = XCConfigurationList;
			buildConfigurations = (
				F051A3ED2D7ABB93009BF97C /* Debug */,
				F051A3EE2D7ABB93009BF97C /* Release */,
			);
			defaultConfigurationIsVisible = 0;
			defaultConfigurationName = Release;
		};
/* End XCConfigurationList section */
	};
	rootObject = F051A3B52D7ABB91009BF97C /* Project object */;
}
